
Microsoft Visual Studio Solution File, Format Version 12.00
# Visual Studio Version 16
VisualStudioVersion = 16.0.29911.84
MinimumVisualStudioVersion = 10.0.40219.1
Project("{FAE04EC0-301F-11D3-BF4B-00C04F79EFBC}") = "Restapi", "Restapi\Restapi.csproj", "{22FDA635-E61A-4B7D-89CF-6847C857C830}"
EndProject
Global
	GlobalSection(SolutionConfigurationPlatforms) = preSolution
		Debug|Any CPU = Debug|Any CPU
		Release|Any CPU = Release|Any CPU
	EndGlobalSection
	GlobalSection(ProjectConfigurationPlatforms) = postSolution
		{22FDA635-E61A-4B7D-89CF-6847C857C830}.Debug|Any CPU.ActiveCfg = Debug|Any CPU
		{22FDA635-E61A-4B7D-89CF-6847C857C830}.Debug|Any CPU.Build.0 = Debug|Any CPU
		{22FDA635-E61A-4B7D-89CF-6847C857C830}.Release|Any CPU.ActiveCfg = Release|Any CPU
		{22FDA635-E61A-4B7D-89CF-6847C857C830}.Release|Any CPU.Build.0 = Release|Any CPU
	EndGlobalSection
	GlobalSection(SolutionProperties) = preSolution
		HideSolutionNode = FALSE
	EndGlobalSection
	GlobalSection(ExtensibilityGlobals) = postSolution
		SolutionGuid = {3BDF6C09-E51A-4430-A80E-FA72E43BA012}
	EndGlobalSection
EndGlobal
